
Microsoft Visual Studio Solution File, Format Version 12.00
# Visual Studio Version 17
VisualStudioVersion = 17.0.32014.148
MinimumVisualStudioVersion = 10.0.40219.1
Project("{D954291E-2A0B-460D-934E-DC6B0785DB48}") = "SVPaddingMarginBug.Shared", "SVPaddingMarginBug\SVPaddingMarginBug.Shared\SVPaddingMarginBug.Shared.shproj", "{6279C845-92F8-4333-AB99-3D213163593C}"
EndProject
Project("{2150E333-8FDC-42A3-9474-1A3956D46DE8}") = "Platforms", "Platforms", "{B630C60D-017F-4B0F-86C6-4E2B5729AA91}"
EndProject
Project("{FAE04EC0-301F-11D3-BF4B-00C04F79EFBC}") = "SVPaddingMarginBug.Droid", "SVPaddingMarginBug\SVPaddingMarginBug.Droid\SVPaddingMarginBug.Droid.csproj", "{47D55545-F617-41C7-BF47-B9E2C22DA7B7}"
EndProject
Project("{FAE04EC0-301F-11D3-BF4B-00C04F79EFBC}") = "SVPaddingMarginBug.iOS", "SVPaddingMarginBug\SVPaddingMarginBug.iOS\SVPaddingMarginBug.iOS.csproj", "{4FAF55BD-EC14-4B44-B8EF-447C9343092B}"
EndProject
Project("{FAE04EC0-301F-11D3-BF4B-00C04F79EFBC}") = "SVPaddingMarginBug.UWP", "SVPaddingMarginBug\SVPaddingMarginBug.UWP\SVPaddingMarginBug.UWP.csproj", "{DF5B697D-8F5D-40AF-A650-620E830674D3}"
EndProject
Project("{FAE04EC0-301F-11D3-BF4B-00C04F79EFBC}") = "SVPaddingMarginBug.Wasm", "SVPaddingMarginBug\SVPaddingMarginBug.Wasm\SVPaddingMarginBug.Wasm.csproj", "{CCC38F03-7E51-4604-9118-1A01909BFB12}"
EndProject
Project("{FAE04EC0-301F-11D3-BF4B-00C04F79EFBC}") = "SVPaddingMarginBug.macOS", "SVPaddingMarginBug\SVPaddingMarginBug.macOS\SVPaddingMarginBug.macOS.csproj", "{2511E258-093C-4917-AC52-2A3BD89F2AF7}"
EndProject
Project("{FAE04EC0-301F-11D3-BF4B-00C04F79EFBC}") = "SVPaddingMarginBug.Skia.Wpf.Host", "SVPaddingMarginBug\SVPaddingMarginBug.Skia.Wpf.Host\SVPaddingMarginBug.Skia.Wpf.Host.csproj", "{226F621E-6E21-4C8A-9687-D8513049E7F0}"
EndProject
Project("{FAE04EC0-301F-11D3-BF4B-00C04F79EFBC}") = "SVPaddingMarginBug.Skia.Wpf", "SVPaddingMarginBug\SVPaddingMarginBug.Skia.Wpf\SVPaddingMarginBug.Skia.Wpf.csproj", "{AF3B1BA1-325B-4F00-8EC4-331F512EC574}"
EndProject
Project("{FAE04EC0-301F-11D3-BF4B-00C04F79EFBC}") = "SVPaddingMarginBug.Skia.Gtk", "SVPaddingMarginBug\SVPaddingMarginBug.Skia.Gtk\SVPaddingMarginBug.Skia.Gtk.csproj", "{7F7966B7-FA24-4059-A79C-572F80EFFEE8}"
EndProject
Project("{FAE04EC0-301F-11D3-BF4B-00C04F79EFBC}") = "SVPaddingMarginBug.Skia.Tizen", "SVPaddingMarginBug\SVPaddingMarginBug.Skia.Tizen\SVPaddingMarginBug.Skia.Tizen.csproj", "{764501A4-0330-43BA-AE40-0C9DA3D0C964}"
EndProject
Global
	GlobalSection(SharedMSBuildProjectFiles) = preSolution
		SVPaddingMarginBug\SVPaddingMarginBug.Shared\SVPaddingMarginBug.Shared.projitems*{2511e258-093c-4917-ac52-2a3bd89f2af7}*SharedItemsImports = 4
		SVPaddingMarginBug\SVPaddingMarginBug.Shared\SVPaddingMarginBug.Shared.projitems*{47d55545-f617-41c7-bf47-b9e2c22da7b7}*SharedItemsImports = 4
		SVPaddingMarginBug\SVPaddingMarginBug.Shared\SVPaddingMarginBug.Shared.projitems*{4faf55bd-ec14-4b44-b8ef-447c9343092b}*SharedItemsImports = 4
		SVPaddingMarginBug\SVPaddingMarginBug.Shared\SVPaddingMarginBug.Shared.projitems*{6279c845-92f8-4333-ab99-3d213163593c}*SharedItemsImports = 13
		SVPaddingMarginBug\SVPaddingMarginBug.Shared\SVPaddingMarginBug.Shared.projitems*{764501a4-0330-43ba-ae40-0c9da3d0c964}*SharedItemsImports = 5
		SVPaddingMarginBug\SVPaddingMarginBug.Shared\SVPaddingMarginBug.Shared.projitems*{7f7966b7-fa24-4059-a79c-572f80effee8}*SharedItemsImports = 5
		SVPaddingMarginBug\SVPaddingMarginBug.Shared\SVPaddingMarginBug.Shared.projitems*{af3b1ba1-325b-4f00-8ec4-331f512ec574}*SharedItemsImports = 5
		SVPaddingMarginBug\SVPaddingMarginBug.Shared\SVPaddingMarginBug.Shared.projitems*{ccc38f03-7e51-4604-9118-1a01909bfb12}*SharedItemsImports = 5
		SVPaddingMarginBug\SVPaddingMarginBug.Shared\SVPaddingMarginBug.Shared.projitems*{df5b697d-8f5d-40af-a650-620e830674d3}*SharedItemsImports = 4
	EndGlobalSection
	GlobalSection(SolutionConfigurationPlatforms) = preSolution
		Ad-Hoc|Any CPU = Ad-Hoc|Any CPU
		Ad-Hoc|ARM = Ad-Hoc|ARM
		Ad-Hoc|ARM64 = Ad-Hoc|ARM64
		Ad-Hoc|iPhone = Ad-Hoc|iPhone
		Ad-Hoc|iPhoneSimulator = Ad-Hoc|iPhoneSimulator
		Ad-Hoc|x64 = Ad-Hoc|x64
		Ad-Hoc|x86 = Ad-Hoc|x86
		AppStore|Any CPU = AppStore|Any CPU
		AppStore|ARM = AppStore|ARM
		AppStore|ARM64 = AppStore|ARM64
		AppStore|iPhone = AppStore|iPhone
		AppStore|iPhoneSimulator = AppStore|iPhoneSimulator
		AppStore|x64 = AppStore|x64
		AppStore|x86 = AppStore|x86
		Debug|Any CPU = Debug|Any CPU
		Debug|ARM = Debug|ARM
		Debug|ARM64 = Debug|ARM64
		Debug|iPhone = Debug|iPhone
		Debug|iPhoneSimulator = Debug|iPhoneSimulator
		Debug|x64 = Debug|x64
		Debug|x86 = Debug|x86
		Release|Any CPU = Release|Any CPU
		Release|ARM = Release|ARM
		Release|ARM64 = Release|ARM64
		Release|iPhone = Release|iPhone
		Release|iPhoneSimulator = Release|iPhoneSimulator
		Release|x64 = Release|x64
		Release|x86 = Release|x86
	EndGlobalSection
	GlobalSection(ProjectConfigurationPlatforms) = postSolution
		{47D55545-F617-41C7-BF47-B9E2C22DA7B7}.Ad-Hoc|Any CPU.ActiveCfg = Debug|Any CPU
		{47D55545-F617-41C7-BF47-B9E2C22DA7B7}.Ad-Hoc|Any CPU.Build.0 = Debug|Any CPU
		{47D55545-F617-41C7-BF47-B9E2C22DA7B7}.Ad-Hoc|Any CPU.Deploy.0 = Debug|Any CPU
		{47D55545-F617-41C7-BF47-B9E2C22DA7B7}.Ad-Hoc|ARM.ActiveCfg = Debug|Any CPU
		{47D55545-F617-41C7-BF47-B9E2C22DA7B7}.Ad-Hoc|ARM.Build.0 = Debug|Any CPU
		{47D55545-F617-41C7-BF47-B9E2C22DA7B7}.Ad-Hoc|ARM.Deploy.0 = Debug|Any CPU
		{47D55545-F617-41C7-BF47-B9E2C22DA7B7}.Ad-Hoc|ARM64.ActiveCfg = Debug|Any CPU
		{47D55545-F617-41C7-BF47-B9E2C22DA7B7}.Ad-Hoc|ARM64.Build.0 = Debug|Any CPU
		{47D55545-F617-41C7-BF47-B9E2C22DA7B7}.Ad-Hoc|ARM64.Deploy.0 = Debug|Any CPU
		{47D55545-F617-41C7-BF47-B9E2C22DA7B7}.Ad-Hoc|iPhone.ActiveCfg = Debug|Any CPU
		{47D55545-F617-41C7-BF47-B9E2C22DA7B7}.Ad-Hoc|iPhone.Build.0 = Debug|Any CPU
		{47D55545-F617-41C7-BF47-B9E2C22DA7B7}.Ad-Hoc|iPhone.Deploy.0 = Debug|Any CPU
		{47D55545-F617-41C7-BF47-B9E2C22DA7B7}.Ad-Hoc|iPhoneSimulator.ActiveCfg = Debug|Any CPU
		{47D55545-F617-41C7-BF47-B9E2C22DA7B7}.Ad-Hoc|iPhoneSimulator.Build.0 = Debug|Any CPU
		{47D55545-F617-41C7-BF47-B9E2C22DA7B7}.Ad-Hoc|iPhoneSimulator.Deploy.0 = Debug|Any CPU
		{47D55545-F617-41C7-BF47-B9E2C22DA7B7}.Ad-Hoc|x64.ActiveCfg = Debug|Any CPU
		{47D55545-F617-41C7-BF47-B9E2C22DA7B7}.Ad-Hoc|x64.Build.0 = Debug|Any CPU
		{47D55545-F617-41C7-BF47-B9E2C22DA7B7}.Ad-Hoc|x64.Deploy.0 = Debug|Any CPU
		{47D55545-F617-41C7-BF47-B9E2C22DA7B7}.Ad-Hoc|x86.ActiveCfg = Debug|Any CPU
		{47D55545-F617-41C7-BF47-B9E2C22DA7B7}.Ad-Hoc|x86.Build.0 = Debug|Any CPU
		{47D55545-F617-41C7-BF47-B9E2C22DA7B7}.Ad-Hoc|x86.Deploy.0 = Debug|Any CPU
		{47D55545-F617-41C7-BF47-B9E2C22DA7B7}.AppStore|Any CPU.ActiveCfg = Debug|Any CPU
		{47D55545-F617-41C7-BF47-B9E2C22DA7B7}.AppStore|Any CPU.Build.0 = Debug|Any CPU
		{47D55545-F617-41C7-BF47-B9E2C22DA7B7}.AppStore|Any CPU.Deploy.0 = Debug|Any CPU
		{47D55545-F617-41C7-BF47-B9E2C22DA7B7}.AppStore|ARM.ActiveCfg = Debug|Any CPU
		{47D55545-F617-41C7-BF47-B9E2C22DA7B7}.AppStore|ARM.Build.0 = Debug|Any CPU
		{47D55545-F617-41C7-BF47-B9E2C22DA7B7}.AppStore|ARM.Deploy.0 = Debug|Any CPU
		{47D55545-F617-41C7-BF47-B9E2C22DA7B7}.AppStore|ARM64.ActiveCfg = Debug|Any CPU
		{47D55545-F617-41C7-BF47-B9E2C22DA7B7}.AppStore|ARM64.Build.0 = Debug|Any CPU
		{47D55545-F617-41C7-BF47-B9E2C22DA7B7}.AppStore|ARM64.Deploy.0 = Debug|Any CPU
		{47D55545-F617-41C7-BF47-B9E2C22DA7B7}.AppStore|iPhone.ActiveCfg = Debug|Any CPU
		{47D55545-F617-41C7-BF47-B9E2C22DA7B7}.AppStore|iPhone.Build.0 = Debug|Any CPU
		{47D55545-F617-41C7-BF47-B9E2C22DA7B7}.AppStore|iPhone.Deploy.0 = Debug|Any CPU
		{47D55545-F617-41C7-BF47-B9E2C22DA7B7}.AppStore|iPhoneSimulator.ActiveCfg = Debug|Any CPU
		{47D55545-F617-41C7-BF47-B9E2C22DA7B7}.AppStore|iPhoneSimulator.Build.0 = Debug|Any CPU
		{47D55545-F617-41C7-BF47-B9E2C22DA7B7}.AppStore|iPhoneSimulator.Deploy.0 = Debug|Any CPU
		{47D55545-F617-41C7-BF47-B9E2C22DA7B7}.AppStore|x64.ActiveCfg = Debug|Any CPU
		{47D55545-F617-41C7-BF47-B9E2C22DA7B7}.AppStore|x64.Build.0 = Debug|Any CPU
		{47D55545-F617-41C7-BF47-B9E2C22DA7B7}.AppStore|x64.Deploy.0 = Debug|Any CPU
		{47D55545-F617-41C7-BF47-B9E2C22DA7B7}.AppStore|x86.ActiveCfg = Debug|Any CPU
		{47D55545-F617-41C7-BF47-B9E2C22DA7B7}.AppStore|x86.Build.0 = Debug|Any CPU
		{47D55545-F617-41C7-BF47-B9E2C22DA7B7}.AppStore|x86.Deploy.0 = Debug|Any CPU
		{47D55545-F617-41C7-BF47-B9E2C22DA7B7}.Debug|Any CPU.ActiveCfg = Debug|Any CPU
		{47D55545-F617-41C7-BF47-B9E2C22DA7B7}.Debug|Any CPU.Build.0 = Debug|Any CPU
		{47D55545-F617-41C7-BF47-B9E2C22DA7B7}.Debug|Any CPU.Deploy.0 = Debug|Any CPU
		{47D55545-F617-41C7-BF47-B9E2C22DA7B7}.Debug|ARM.ActiveCfg = Debug|Any CPU
		{47D55545-F617-41C7-BF47-B9E2C22DA7B7}.Debug|ARM.Build.0 = Debug|Any CPU
		{47D55545-F617-41C7-BF47-B9E2C22DA7B7}.Debug|ARM.Deploy.0 = Debug|Any CPU
		{47D55545-F617-41C7-BF47-B9E2C22DA7B7}.Debug|ARM64.ActiveCfg = Debug|Any CPU
		{47D55545-F617-41C7-BF47-B9E2C22DA7B7}.Debug|ARM64.Build.0 = Debug|Any CPU
		{47D55545-F617-41C7-BF47-B9E2C22DA7B7}.Debug|ARM64.Deploy.0 = Debug|Any CPU
		{47D55545-F617-41C7-BF47-B9E2C22DA7B7}.Debug|iPhone.ActiveCfg = Debug|Any CPU
		{47D55545-F617-41C7-BF47-B9E2C22DA7B7}.Debug|iPhone.Build.0 = Debug|Any CPU
		{47D55545-F617-41C7-BF47-B9E2C22DA7B7}.Debug|iPhone.Deploy.0 = Debug|Any CPU
		{47D55545-F617-41C7-BF47-B9E2C22DA7B7}.Debug|iPhoneSimulator.ActiveCfg = Debug|Any CPU
		{47D55545-F617-41C7-BF47-B9E2C22DA7B7}.Debug|iPhoneSimulator.Build.0 = Debug|Any CPU
		{47D55545-F617-41C7-BF47-B9E2C22DA7B7}.Debug|iPhoneSimulator.Deploy.0 = Debug|Any CPU
		{47D55545-F617-41C7-BF47-B9E2C22DA7B7}.Debug|x64.ActiveCfg = Debug|Any CPU
		{47D55545-F617-41C7-BF47-B9E2C22DA7B7}.Debug|x64.Build.0 = Debug|Any CPU
		{47D55545-F617-41C7-BF47-B9E2C22DA7B7}.Debug|x64.Deploy.0 = Debug|Any CPU
		{47D55545-F617-41C7-BF47-B9E2C22DA7B7}.Debug|x86.ActiveCfg = Debug|Any CPU
		{47D55545-F617-41C7-BF47-B9E2C22DA7B7}.Debug|x86.Build.0 = Debug|Any CPU
		{47D55545-F617-41C7-BF47-B9E2C22DA7B7}.Debug|x86.Deploy.0 = Debug|Any CPU
		{47D55545-F617-41C7-BF47-B9E2C22DA7B7}.Release|Any CPU.ActiveCfg = Release|Any CPU
		{47D55545-F617-41C7-BF47-B9E2C22DA7B7}.Release|Any CPU.Build.0 = Release|Any CPU
		{47D55545-F617-41C7-BF47-B9E2C22DA7B7}.Release|Any CPU.Deploy.0 = Release|Any CPU
		{47D55545-F617-41C7-BF47-B9E2C22DA7B7}.Release|ARM.ActiveCfg = Release|Any CPU
		{47D55545-F617-41C7-BF47-B9E2C22DA7B7}.Release|ARM.Build.0 = Release|Any CPU
		{47D55545-F617-41C7-BF47-B9E2C22DA7B7}.Release|ARM.Deploy.0 = Release|Any CPU
		{47D55545-F617-41C7-BF47-B9E2C22DA7B7}.Release|ARM64.ActiveCfg = Release|Any CPU
		{47D55545-F617-41C7-BF47-B9E2C22DA7B7}.Release|ARM64.Build.0 = Release|Any CPU
		{47D55545-F617-41C7-BF47-B9E2C22DA7B7}.Release|ARM64.Deploy.0 = Release|Any CPU
		{47D55545-F617-41C7-BF47-B9E2C22DA7B7}.Release|iPhone.ActiveCfg = Release|Any CPU
		{47D55545-F617-41C7-BF47-B9E2C22DA7B7}.Release|iPhone.Build.0 = Release|Any CPU
		{47D55545-F617-41C7-BF47-B9E2C22DA7B7}.Release|iPhone.Deploy.0 = Release|Any CPU
		{47D55545-F617-41C7-BF47-B9E2C22DA7B7}.Release|iPhoneSimulator.ActiveCfg = Release|Any CPU
		{47D55545-F617-41C7-BF47-B9E2C22DA7B7}.Release|iPhoneSimulator.Build.0 = Release|Any CPU
		{47D55545-F617-41C7-BF47-B9E2C22DA7B7}.Release|iPhoneSimulator.Deploy.0 = Release|Any CPU
		{47D55545-F617-41C7-BF47-B9E2C22DA7B7}.Release|x64.ActiveCfg = Release|Any CPU
		{47D55545-F617-41C7-BF47-B9E2C22DA7B7}.Release|x64.Build.0 = Release|Any CPU
		{47D55545-F617-41C7-BF47-B9E2C22DA7B7}.Release|x64.Deploy.0 = Release|Any CPU
		{47D55545-F617-41C7-BF47-B9E2C22DA7B7}.Release|x86.ActiveCfg = Release|Any CPU
		{47D55545-F617-41C7-BF47-B9E2C22DA7B7}.Release|x86.Build.0 = Release|Any CPU
		{47D55545-F617-41C7-BF47-B9E2C22DA7B7}.Release|x86.Deploy.0 = Release|Any CPU
		{4FAF55BD-EC14-4B44-B8EF-447C9343092B}.Ad-Hoc|Any CPU.ActiveCfg = Ad-Hoc|iPhoneSimulator
		{4FAF55BD-EC14-4B44-B8EF-447C9343092B}.Ad-Hoc|Any CPU.Build.0 = Ad-Hoc|iPhoneSimulator
		{4FAF55BD-EC14-4B44-B8EF-447C9343092B}.Ad-Hoc|ARM.ActiveCfg = Ad-Hoc|iPhoneSimulator
		{4FAF55BD-EC14-4B44-B8EF-447C9343092B}.Ad-Hoc|ARM.Build.0 = Ad-Hoc|iPhoneSimulator
		{4FAF55BD-EC14-4B44-B8EF-447C9343092B}.Ad-Hoc|ARM64.ActiveCfg = Ad-Hoc|iPhoneSimulator
		{4FAF55BD-EC14-4B44-B8EF-447C9343092B}.Ad-Hoc|ARM64.Build.0 = Ad-Hoc|iPhoneSimulator
		{4FAF55BD-EC14-4B44-B8EF-447C9343092B}.Ad-Hoc|iPhone.ActiveCfg = Ad-Hoc|iPhone
		{4FAF55BD-EC14-4B44-B8EF-447C9343092B}.Ad-Hoc|iPhone.Build.0 = Ad-Hoc|iPhone
		{4FAF55BD-EC14-4B44-B8EF-447C9343092B}.Ad-Hoc|iPhoneSimulator.ActiveCfg = Ad-Hoc|iPhoneSimulator
		{4FAF55BD-EC14-4B44-B8EF-447C9343092B}.Ad-Hoc|iPhoneSimulator.Build.0 = Ad-Hoc|iPhoneSimulator
		{4FAF55BD-EC14-4B44-B8EF-447C9343092B}.Ad-Hoc|x64.ActiveCfg = Ad-Hoc|iPhoneSimulator
		{4FAF55BD-EC14-4B44-B8EF-447C9343092B}.Ad-Hoc|x64.Build.0 = Ad-Hoc|iPhoneSimulator
		{4FAF55BD-EC14-4B44-B8EF-447C9343092B}.Ad-Hoc|x86.ActiveCfg = Ad-Hoc|iPhoneSimulator
		{4FAF55BD-EC14-4B44-B8EF-447C9343092B}.Ad-Hoc|x86.Build.0 = Ad-Hoc|iPhoneSimulator
		{4FAF55BD-EC14-4B44-B8EF-447C9343092B}.AppStore|Any CPU.ActiveCfg = AppStore|iPhoneSimulator
		{4FAF55BD-EC14-4B44-B8EF-447C9343092B}.AppStore|Any CPU.Build.0 = AppStore|iPhoneSimulator
		{4FAF55BD-EC14-4B44-B8EF-447C9343092B}.AppStore|ARM.ActiveCfg = AppStore|iPhoneSimulator
		{4FAF55BD-EC14-4B44-B8EF-447C9343092B}.AppStore|ARM.Build.0 = AppStore|iPhoneSimulator
		{4FAF55BD-EC14-4B44-B8EF-447C9343092B}.AppStore|ARM64.ActiveCfg = AppStore|iPhoneSimulator
		{4FAF55BD-EC14-4B44-B8EF-447C9343092B}.AppStore|ARM64.Build.0 = AppStore|iPhoneSimulator
		{4FAF55BD-EC14-4B44-B8EF-447C9343092B}.AppStore|iPhone.ActiveCfg = AppStore|iPhone
		{4FAF55BD-EC14-4B44-B8EF-447C9343092B}.AppStore|iPhone.Build.0 = AppStore|iPhone
		{4FAF55BD-EC14-4B44-B8EF-447C9343092B}.AppStore|iPhoneSimulator.ActiveCfg = AppStore|iPhoneSimulator
		{4FAF55BD-EC14-4B44-B8EF-447C9343092B}.AppStore|iPhoneSimulator.Build.0 = AppStore|iPhoneSimulator
		{4FAF55BD-EC14-4B44-B8EF-447C9343092B}.AppStore|x64.ActiveCfg = AppStore|iPhoneSimulator
		{4FAF55BD-EC14-4B44-B8EF-447C9343092B}.AppStore|x64.Build.0 = AppStore|iPhoneSimulator
		{4FAF55BD-EC14-4B44-B8EF-447C9343092B}.AppStore|x86.ActiveCfg = AppStore|iPhoneSimulator
		{4FAF55BD-EC14-4B44-B8EF-447C9343092B}.AppStore|x86.Build.0 = AppStore|iPhoneSimulator
		{4FAF55BD-EC14-4B44-B8EF-447C9343092B}.Debug|Any CPU.ActiveCfg = Debug|iPhoneSimulator
		{4FAF55BD-EC14-4B44-B8EF-447C9343092B}.Debug|Any CPU.Build.0 = Debug|iPhoneSimulator
		{4FAF55BD-EC14-4B44-B8EF-447C9343092B}.Debug|ARM.ActiveCfg = Debug|iPhoneSimulator
		{4FAF55BD-EC14-4B44-B8EF-447C9343092B}.Debug|ARM.Build.0 = Debug|iPhoneSimulator
		{4FAF55BD-EC14-4B44-B8EF-447C9343092B}.Debug|ARM64.ActiveCfg = Debug|iPhoneSimulator
		{4FAF55BD-EC14-4B44-B8EF-447C9343092B}.Debug|ARM64.Build.0 = Debug|iPhoneSimulator
		{4FAF55BD-EC14-4B44-B8EF-447C9343092B}.Debug|iPhone.ActiveCfg = Debug|iPhone
		{4FAF55BD-EC14-4B44-B8EF-447C9343092B}.Debug|iPhone.Build.0 = Debug|iPhone
		{4FAF55BD-EC14-4B44-B8EF-447C9343092B}.Debug|iPhoneSimulator.ActiveCfg = Debug|iPhoneSimulator
		{4FAF55BD-EC14-4B44-B8EF-447C9343092B}.Debug|iPhoneSimulator.Build.0 = Debug|iPhoneSimulator
		{4FAF55BD-EC14-4B44-B8EF-447C9343092B}.Debug|x64.ActiveCfg = Debug|iPhoneSimulator
		{4FAF55BD-EC14-4B44-B8EF-447C9343092B}.Debug|x64.Build.0 = Debug|iPhoneSimulator
		{4FAF55BD-EC14-4B44-B8EF-447C9343092B}.Debug|x86.ActiveCfg = Debug|iPhoneSimulator
		{4FAF55BD-EC14-4B44-B8EF-447C9343092B}.Debug|x86.Build.0 = Debug|iPhoneSimulator
		{4FAF55BD-EC14-4B44-B8EF-447C9343092B}.Release|Any CPU.ActiveCfg = Release|iPhoneSimulator
		{4FAF55BD-EC14-4B44-B8EF-447C9343092B}.Release|Any CPU.Build.0 = Release|iPhoneSimulator
		{4FAF55BD-EC14-4B44-B8EF-447C9343092B}.Release|ARM.ActiveCfg = Release|iPhoneSimulator
		{4FAF55BD-EC14-4B44-B8EF-447C9343092B}.Release|ARM.Build.0 = Release|iPhoneSimulator
		{4FAF55BD-EC14-4B44-B8EF-447C9343092B}.Release|ARM64.ActiveCfg = Release|iPhoneSimulator
		{4FAF55BD-EC14-4B44-B8EF-447C9343092B}.Release|ARM64.Build.0 = Release|iPhoneSimulator
		{4FAF55BD-EC14-4B44-B8EF-447C9343092B}.Release|iPhone.ActiveCfg = Release|iPhone
		{4FAF55BD-EC14-4B44-B8EF-447C9343092B}.Release|iPhone.Build.0 = Release|iPhone
		{4FAF55BD-EC14-4B44-B8EF-447C9343092B}.Release|iPhoneSimulator.ActiveCfg = Release|iPhoneSimulator
		{4FAF55BD-EC14-4B44-B8EF-447C9343092B}.Release|iPhoneSimulator.Build.0 = Release|iPhoneSimulator
		{4FAF55BD-EC14-4B44-B8EF-447C9343092B}.Release|x64.ActiveCfg = Release|iPhoneSimulator
		{4FAF55BD-EC14-4B44-B8EF-447C9343092B}.Release|x64.Build.0 = Release|iPhoneSimulator
		{4FAF55BD-EC14-4B44-B8EF-447C9343092B}.Release|x86.ActiveCfg = Release|iPhoneSimulator
		{4FAF55BD-EC14-4B44-B8EF-447C9343092B}.Release|x86.Build.0 = Release|iPhoneSimulator
		{DF5B697D-8F5D-40AF-A650-620E830674D3}.Ad-Hoc|Any CPU.ActiveCfg = Debug|x86
		{DF5B697D-8F5D-40AF-A650-620E830674D3}.Ad-Hoc|Any CPU.Build.0 = Debug|x86
		{DF5B697D-8F5D-40AF-A650-620E830674D3}.Ad-Hoc|Any CPU.Deploy.0 = Debug|x86
		{DF5B697D-8F5D-40AF-A650-620E830674D3}.Ad-Hoc|ARM.ActiveCfg = Debug|ARM
		{DF5B697D-8F5D-40AF-A650-620E830674D3}.Ad-Hoc|ARM.Build.0 = Debug|ARM
		{DF5B697D-8F5D-40AF-A650-620E830674D3}.Ad-Hoc|ARM.Deploy.0 = Debug|ARM
		{DF5B697D-8F5D-40AF-A650-620E830674D3}.Ad-Hoc|ARM64.ActiveCfg = Debug|ARM64
		{DF5B697D-8F5D-40AF-A650-620E830674D3}.Ad-Hoc|ARM64.Build.0 = Debug|ARM64
		{DF5B697D-8F5D-40AF-A650-620E830674D3}.Ad-Hoc|ARM64.Deploy.0 = Debug|ARM64
		{DF5B697D-8F5D-40AF-A650-620E830674D3}.Ad-Hoc|iPhone.ActiveCfg = Debug|x86
		{DF5B697D-8F5D-40AF-A650-620E830674D3}.Ad-Hoc|iPhone.Build.0 = Debug|x86
		{DF5B697D-8F5D-40AF-A650-620E830674D3}.Ad-Hoc|iPhone.Deploy.0 = Debug|x86
		{DF5B697D-8F5D-40AF-A650-620E830674D3}.Ad-Hoc|iPhoneSimulator.ActiveCfg = Debug|x86
		{DF5B697D-8F5D-40AF-A650-620E830674D3}.Ad-Hoc|iPhoneSimulator.Build.0 = Debug|x86
		{DF5B697D-8F5D-40AF-A650-620E830674D3}.Ad-Hoc|iPhoneSimulator.Deploy.0 = Debug|x86
		{DF5B697D-8F5D-40AF-A650-620E830674D3}.Ad-Hoc|x64.ActiveCfg = Debug|x64
		{DF5B697D-8F5D-40AF-A650-620E830674D3}.Ad-Hoc|x64.Build.0 = Debug|x64
		{DF5B697D-8F5D-40AF-A650-620E830674D3}.Ad-Hoc|x64.Deploy.0 = Debug|x64
		{DF5B697D-8F5D-40AF-A650-620E830674D3}.Ad-Hoc|x86.ActiveCfg = Debug|x86
		{DF5B697D-8F5D-40AF-A650-620E830674D3}.Ad-Hoc|x86.Build.0 = Debug|x86
		{DF5B697D-8F5D-40AF-A650-620E830674D3}.Ad-Hoc|x86.Deploy.0 = Debug|x86
		{DF5B697D-8F5D-40AF-A650-620E830674D3}.AppStore|Any CPU.ActiveCfg = Debug|x86
		{DF5B697D-8F5D-40AF-A650-620E830674D3}.AppStore|Any CPU.Build.0 = Debug|x86
		{DF5B697D-8F5D-40AF-A650-620E830674D3}.AppStore|Any CPU.Deploy.0 = Debug|x86
		{DF5B697D-8F5D-40AF-A650-620E830674D3}.AppStore|ARM.ActiveCfg = Debug|ARM
		{DF5B697D-8F5D-40AF-A650-620E830674D3}.AppStore|ARM.Build.0 = Debug|ARM
		{DF5B697D-8F5D-40AF-A650-620E830674D3}.AppStore|ARM.Deploy.0 = Debug|ARM
		{DF5B697D-8F5D-40AF-A650-620E830674D3}.AppStore|ARM64.ActiveCfg = Debug|ARM64
		{DF5B697D-8F5D-40AF-A650-620E830674D3}.AppStore|ARM64.Build.0 = Debug|ARM64
		{DF5B697D-8F5D-40AF-A650-620E830674D3}.AppStore|ARM64.Deploy.0 = Debug|ARM64
		{DF5B697D-8F5D-40AF-A650-620E830674D3}.AppStore|iPhone.ActiveCfg = Debug|x86
		{DF5B697D-8F5D-40AF-A650-620E830674D3}.AppStore|iPhone.Build.0 = Debug|x86
		{DF5B697D-8F5D-40AF-A650-620E830674D3}.AppStore|iPhone.Deploy.0 = Debug|x86
		{DF5B697D-8F5D-40AF-A650-620E830674D3}.AppStore|iPhoneSimulator.ActiveCfg = Debug|x86
		{DF5B697D-8F5D-40AF-A650-620E830674D3}.AppStore|iPhoneSimulator.Build.0 = Debug|x86
		{DF5B697D-8F5D-40AF-A650-620E830674D3}.AppStore|iPhoneSimulator.Deploy.0 = Debug|x86
		{DF5B697D-8F5D-40AF-A650-620E830674D3}.AppStore|x64.ActiveCfg = Debug|x64
		{DF5B697D-8F5D-40AF-A650-620E830674D3}.AppStore|x64.Build.0 = Debug|x64
		{DF5B697D-8F5D-40AF-A650-620E830674D3}.AppStore|x64.Deploy.0 = Debug|x64
		{DF5B697D-8F5D-40AF-A650-620E830674D3}.AppStore|x86.ActiveCfg = Debug|x86
		{DF5B697D-8F5D-40AF-A650-620E830674D3}.AppStore|x86.Build.0 = Debug|x86
		{DF5B697D-8F5D-40AF-A650-620E830674D3}.AppStore|x86.Deploy.0 = Debug|x86
		{DF5B697D-8F5D-40AF-A650-620E830674D3}.Debug|Any CPU.ActiveCfg = Debug|x64
		{DF5B697D-8F5D-40AF-A650-620E830674D3}.Debug|Any CPU.Build.0 = Debug|x64
		{DF5B697D-8F5D-40AF-A650-620E830674D3}.Debug|Any CPU.Deploy.0 = Debug|x64
		{DF5B697D-8F5D-40AF-A650-620E830674D3}.Debug|ARM.ActiveCfg = Debug|ARM
		{DF5B697D-8F5D-40AF-A650-620E830674D3}.Debug|ARM.Build.0 = Debug|ARM
		{DF5B697D-8F5D-40AF-A650-620E830674D3}.Debug|ARM.Deploy.0 = Debug|ARM
		{DF5B697D-8F5D-40AF-A650-620E830674D3}.Debug|ARM64.ActiveCfg = Debug|ARM64
		{DF5B697D-8F5D-40AF-A650-620E830674D3}.Debug|ARM64.Build.0 = Debug|ARM64
		{DF5B697D-8F5D-40AF-A650-620E830674D3}.Debug|ARM64.Deploy.0 = Debug|ARM64
		{DF5B697D-8F5D-40AF-A650-620E830674D3}.Debug|iPhone.ActiveCfg = Debug|x64
		{DF5B697D-8F5D-40AF-A650-620E830674D3}.Debug|iPhone.Build.0 = Debug|x64
		{DF5B697D-8F5D-40AF-A650-620E830674D3}.Debug|iPhone.Deploy.0 = Debug|x64
		{DF5B697D-8F5D-40AF-A650-620E830674D3}.Debug|iPhoneSimulator.ActiveCfg = Debug|x64
		{DF5B697D-8F5D-40AF-A650-620E830674D3}.Debug|iPhoneSimulator.Build.0 = Debug|x64
		{DF5B697D-8F5D-40AF-A650-620E830674D3}.Debug|iPhoneSimulator.Deploy.0 = Debug|x64
		{DF5B697D-8F5D-40AF-A650-620E830674D3}.Debug|x64.ActiveCfg = Debug|x64
		{DF5B697D-8F5D-40AF-A650-620E830674D3}.Debug|x64.Build.0 = Debug|x64
		{DF5B697D-8F5D-40AF-A650-620E830674D3}.Debug|x64.Deploy.0 = Debug|x64
		{DF5B697D-8F5D-40AF-A650-620E830674D3}.Debug|x86.ActiveCfg = Debug|x86
		{DF5B697D-8F5D-40AF-A650-620E830674D3}.Debug|x86.Build.0 = Debug|x86
		{DF5B697D-8F5D-40AF-A650-620E830674D3}.Debug|x86.Deploy.0 = Debug|x86
		{DF5B697D-8F5D-40AF-A650-620E830674D3}.Release|Any CPU.ActiveCfg = Release|x64
		{DF5B697D-8F5D-40AF-A650-620E830674D3}.Release|Any CPU.Build.0 = Release|x64
		{DF5B697D-8F5D-40AF-A650-620E830674D3}.Release|Any CPU.Deploy.0 = Release|x64
		{DF5B697D-8F5D-40AF-A650-620E830674D3}.Release|ARM.ActiveCfg = Release|ARM
		{DF5B697D-8F5D-40AF-A650-620E830674D3}.Release|ARM.Build.0 = Release|ARM
		{DF5B697D-8F5D-40AF-A650-620E830674D3}.Release|ARM.Deploy.0 = Release|ARM
		{DF5B697D-8F5D-40AF-A650-620E830674D3}.Release|ARM64.ActiveCfg = Release|ARM64
		{DF5B697D-8F5D-40AF-A650-620E830674D3}.Release|ARM64.Build.0 = Release|ARM64
		{DF5B697D-8F5D-40AF-A650-620E830674D3}.Release|ARM64.Deploy.0 = Release|ARM64
		{DF5B697D-8F5D-40AF-A650-620E830674D3}.Release|iPhone.ActiveCfg = Release|x64
		{DF5B697D-8F5D-40AF-A650-620E830674D3}.Release|iPhone.Build.0 = Release|x64
		{DF5B697D-8F5D-40AF-A650-620E830674D3}.Release|iPhone.Deploy.0 = Release|x64
		{DF5B697D-8F5D-40AF-A650-620E830674D3}.Release|iPhoneSimulator.ActiveCfg = Release|x64
		{DF5B697D-8F5D-40AF-A650-620E830674D3}.Release|iPhoneSimulator.Build.0 = Release|x64
		{DF5B697D-8F5D-40AF-A650-620E830674D3}.Release|iPhoneSimulator.Deploy.0 = Release|x64
		{DF5B697D-8F5D-40AF-A650-620E830674D3}.Release|x64.ActiveCfg = Release|x64
		{DF5B697D-8F5D-40AF-A650-620E830674D3}.Release|x64.Build.0 = Release|x64
		{DF5B697D-8F5D-40AF-A650-620E830674D3}.Release|x64.Deploy.0 = Release|x64
		{DF5B697D-8F5D-40AF-A650-620E830674D3}.Release|x86.ActiveCfg = Release|x86
		{DF5B697D-8F5D-40AF-A650-620E830674D3}.Release|x86.Build.0 = Release|x86
		{DF5B697D-8F5D-40AF-A650-620E830674D3}.Release|x86.Deploy.0 = Release|x86
		{CCC38F03-7E51-4604-9118-1A01909BFB12}.Ad-Hoc|Any CPU.ActiveCfg = Debug|Any CPU
		{CCC38F03-7E51-4604-9118-1A01909BFB12}.Ad-Hoc|Any CPU.Build.0 = Debug|Any CPU
		{CCC38F03-7E51-4604-9118-1A01909BFB12}.Ad-Hoc|ARM.ActiveCfg = Debug|Any CPU
		{CCC38F03-7E51-4604-9118-1A01909BFB12}.Ad-Hoc|ARM.Build.0 = Debug|Any CPU
		{CCC38F03-7E51-4604-9118-1A01909BFB12}.Ad-Hoc|ARM64.ActiveCfg = Debug|Any CPU
		{CCC38F03-7E51-4604-9118-1A01909BFB12}.Ad-Hoc|ARM64.Build.0 = Debug|Any CPU
		{CCC38F03-7E51-4604-9118-1A01909BFB12}.Ad-Hoc|iPhone.ActiveCfg = Debug|Any CPU
		{CCC38F03-7E51-4604-9118-1A01909BFB12}.Ad-Hoc|iPhone.Build.0 = Debug|Any CPU
		{CCC38F03-7E51-4604-9118-1A01909BFB12}.Ad-Hoc|iPhoneSimulator.ActiveCfg = Debug|Any CPU
		{CCC38F03-7E51-4604-9118-1A01909BFB12}.Ad-Hoc|iPhoneSimulator.Build.0 = Debug|Any CPU
		{CCC38F03-7E51-4604-9118-1A01909BFB12}.Ad-Hoc|x64.ActiveCfg = Debug|Any CPU
		{CCC38F03-7E51-4604-9118-1A01909BFB12}.Ad-Hoc|x64.Build.0 = Debug|Any CPU
		{CCC38F03-7E51-4604-9118-1A01909BFB12}.Ad-Hoc|x86.ActiveCfg = Debug|Any CPU
		{CCC38F03-7E51-4604-9118-1A01909BFB12}.Ad-Hoc|x86.Build.0 = Debug|Any CPU
		{CCC38F03-7E51-4604-9118-1A01909BFB12}.AppStore|Any CPU.ActiveCfg = Debug|Any CPU
		{CCC38F03-7E51-4604-9118-1A01909BFB12}.AppStore|Any CPU.Build.0 = Debug|Any CPU
		{CCC38F03-7E51-4604-9118-1A01909BFB12}.AppStore|ARM.ActiveCfg = Debug|Any CPU
		{CCC38F03-7E51-4604-9118-1A01909BFB12}.AppStore|ARM.Build.0 = Debug|Any CPU
		{CCC38F03-7E51-4604-9118-1A01909BFB12}.AppStore|ARM64.ActiveCfg = Debug|Any CPU
		{CCC38F03-7E51-4604-9118-1A01909BFB12}.AppStore|ARM64.Build.0 = Debug|Any CPU
		{CCC38F03-7E51-4604-9118-1A01909BFB12}.AppStore|iPhone.ActiveCfg = Debug|Any CPU
		{CCC38F03-7E51-4604-9118-1A01909BFB12}.AppStore|iPhone.Build.0 = Debug|Any CPU
		{CCC38F03-7E51-4604-9118-1A01909BFB12}.AppStore|iPhoneSimulator.ActiveCfg = Debug|Any CPU
		{CCC38F03-7E51-4604-9118-1A01909BFB12}.AppStore|iPhoneSimulator.Build.0 = Debug|Any CPU
		{CCC38F03-7E51-4604-9118-1A01909BFB12}.AppStore|x64.ActiveCfg = Debug|Any CPU
		{CCC38F03-7E51-4604-9118-1A01909BFB12}.AppStore|x64.Build.0 = Debug|Any CPU
		{CCC38F03-7E51-4604-9118-1A01909BFB12}.AppStore|x86.ActiveCfg = Debug|Any CPU
		{CCC38F03-7E51-4604-9118-1A01909BFB12}.AppStore|x86.Build.0 = Debug|Any CPU
		{CCC38F03-7E51-4604-9118-1A01909BFB12}.Debug|Any CPU.ActiveCfg = Debug|Any CPU
		{CCC38F03-7E51-4604-9118-1A01909BFB12}.Debug|Any CPU.Build.0 = Debug|Any CPU
		{CCC38F03-7E51-4604-9118-1A01909BFB12}.Debug|ARM.ActiveCfg = Debug|Any CPU
		{CCC38F03-7E51-4604-9118-1A01909BFB12}.Debug|ARM.Build.0 = Debug|Any CPU
		{CCC38F03-7E51-4604-9118-1A01909BFB12}.Debug|ARM64.ActiveCfg = Debug|Any CPU
		{CCC38F03-7E51-4604-9118-1A01909BFB12}.Debug|ARM64.Build.0 = Debug|Any CPU
		{CCC38F03-7E51-4604-9118-1A01909BFB12}.Debug|iPhone.ActiveCfg = Debug|Any CPU
		{CCC38F03-7E51-4604-9118-1A01909BFB12}.Debug|iPhone.Build.0 = Debug|Any CPU
		{CCC38F03-7E51-4604-9118-1A01909BFB12}.Debug|iPhoneSimulator.ActiveCfg = Debug|Any CPU
		{CCC38F03-7E51-4604-9118-1A01909BFB12}.Debug|iPhoneSimulator.Build.0 = Debug|Any CPU
		{CCC38F03-7E51-4604-9118-1A01909BFB12}.Debug|x64.ActiveCfg = Debug|Any CPU
		{CCC38F03-7E51-4604-9118-1A01909BFB12}.Debug|x64.Build.0 = Debug|Any CPU
		{CCC38F03-7E51-4604-9118-1A01909BFB12}.Debug|x86.ActiveCfg = Debug|Any CPU
		{CCC38F03-7E51-4604-9118-1A01909BFB12}.Debug|x86.Build.0 = Debug|Any CPU
		{CCC38F03-7E51-4604-9118-1A01909BFB12}.Release|Any CPU.ActiveCfg = Release|Any CPU
		{CCC38F03-7E51-4604-9118-1A01909BFB12}.Release|Any CPU.Build.0 = Release|Any CPU
		{CCC38F03-7E51-4604-9118-1A01909BFB12}.Release|ARM.ActiveCfg = Release|Any CPU
		{CCC38F03-7E51-4604-9118-1A01909BFB12}.Release|ARM.Build.0 = Release|Any CPU
		{CCC38F03-7E51-4604-9118-1A01909BFB12}.Release|ARM64.ActiveCfg = Release|Any CPU
		{CCC38F03-7E51-4604-9118-1A01909BFB12}.Release|ARM64.Build.0 = Release|Any CPU
		{CCC38F03-7E51-4604-9118-1A01909BFB12}.Release|iPhone.ActiveCfg = Release|Any CPU
		{CCC38F03-7E51-4604-9118-1A01909BFB12}.Release|iPhone.Build.0 = Release|Any CPU
		{CCC38F03-7E51-4604-9118-1A01909BFB12}.Release|iPhoneSimulator.ActiveCfg = Release|Any CPU
		{CCC38F03-7E51-4604-9118-1A01909BFB12}.Release|iPhoneSimulator.Build.0 = Release|Any CPU
		{CCC38F03-7E51-4604-9118-1A01909BFB12}.Release|x64.ActiveCfg = Release|Any CPU
		{CCC38F03-7E51-4604-9118-1A01909BFB12}.Release|x64.Build.0 = Release|Any CPU
		{CCC38F03-7E51-4604-9118-1A01909BFB12}.Release|x86.ActiveCfg = Release|Any CPU
		{CCC38F03-7E51-4604-9118-1A01909BFB12}.Release|x86.Build.0 = Release|Any CPU
		{2511E258-093C-4917-AC52-2A3BD89F2AF7}.Ad-Hoc|Any CPU.ActiveCfg = Debug|iPhoneSimulator
		{2511E258-093C-4917-AC52-2A3BD89F2AF7}.Ad-Hoc|Any CPU.Build.0 = Debug|iPhoneSimulator
		{2511E258-093C-4917-AC52-2A3BD89F2AF7}.Ad-Hoc|ARM.ActiveCfg = Debug|iPhoneSimulator
		{2511E258-093C-4917-AC52-2A3BD89F2AF7}.Ad-Hoc|ARM.Build.0 = Debug|iPhoneSimulator
		{2511E258-093C-4917-AC52-2A3BD89F2AF7}.Ad-Hoc|ARM64.ActiveCfg = Debug|iPhoneSimulator
		{2511E258-093C-4917-AC52-2A3BD89F2AF7}.Ad-Hoc|ARM64.Build.0 = Debug|iPhoneSimulator
		{2511E258-093C-4917-AC52-2A3BD89F2AF7}.Ad-Hoc|iPhone.ActiveCfg = Debug|iPhoneSimulator
		{2511E258-093C-4917-AC52-2A3BD89F2AF7}.Ad-Hoc|iPhone.Build.0 = Debug|iPhoneSimulator
		{2511E258-093C-4917-AC52-2A3BD89F2AF7}.Ad-Hoc|iPhoneSimulator.ActiveCfg = Debug|iPhoneSimulator
		{2511E258-093C-4917-AC52-2A3BD89F2AF7}.Ad-Hoc|iPhoneSimulator.Build.0 = Debug|iPhoneSimulator
		{2511E258-093C-4917-AC52-2A3BD89F2AF7}.Ad-Hoc|x64.ActiveCfg = Debug|iPhoneSimulator
		{2511E258-093C-4917-AC52-2A3BD89F2AF7}.Ad-Hoc|x64.Build.0 = Debug|iPhoneSimulator
		{2511E258-093C-4917-AC52-2A3BD89F2AF7}.Ad-Hoc|x86.ActiveCfg = Debug|iPhoneSimulator
		{2511E258-093C-4917-AC52-2A3BD89F2AF7}.Ad-Hoc|x86.Build.0 = Debug|iPhoneSimulator
		{2511E258-093C-4917-AC52-2A3BD89F2AF7}.AppStore|Any CPU.ActiveCfg = Debug|iPhoneSimulator
		{2511E258-093C-4917-AC52-2A3BD89F2AF7}.AppStore|Any CPU.Build.0 = Debug|iPhoneSimulator
		{2511E258-093C-4917-AC52-2A3BD89F2AF7}.AppStore|ARM.ActiveCfg = Debug|iPhoneSimulator
		{2511E258-093C-4917-AC52-2A3BD89F2AF7}.AppStore|ARM.Build.0 = Debug|iPhoneSimulator
		{2511E258-093C-4917-AC52-2A3BD89F2AF7}.AppStore|ARM64.ActiveCfg = Debug|iPhoneSimulator
		{2511E258-093C-4917-AC52-2A3BD89F2AF7}.AppStore|ARM64.Build.0 = Debug|iPhoneSimulator
		{2511E258-093C-4917-AC52-2A3BD89F2AF7}.AppStore|iPhone.ActiveCfg = Debug|iPhoneSimulator
		{2511E258-093C-4917-AC52-2A3BD89F2AF7}.AppStore|iPhone.Build.0 = Debug|iPhoneSimulator
		{2511E258-093C-4917-AC52-2A3BD89F2AF7}.AppStore|iPhoneSimulator.ActiveCfg = Debug|iPhoneSimulator
		{2511E258-093C-4917-AC52-2A3BD89F2AF7}.AppStore|iPhoneSimulator.Build.0 = Debug|iPhoneSimulator
		{2511E258-093C-4917-AC52-2A3BD89F2AF7}.AppStore|x64.ActiveCfg = Debug|iPhoneSimulator
		{2511E258-093C-4917-AC52-2A3BD89F2AF7}.AppStore|x64.Build.0 = Debug|iPhoneSimulator
		{2511E258-093C-4917-AC52-2A3BD89F2AF7}.AppStore|x86.ActiveCfg = Debug|iPhoneSimulator
		{2511E258-093C-4917-AC52-2A3BD89F2AF7}.AppStore|x86.Build.0 = Debug|iPhoneSimulator
		{2511E258-093C-4917-AC52-2A3BD89F2AF7}.Debug|Any CPU.ActiveCfg = Debug|iPhoneSimulator
		{2511E258-093C-4917-AC52-2A3BD89F2AF7}.Debug|Any CPU.Build.0 = Debug|iPhoneSimulator
		{2511E258-093C-4917-AC52-2A3BD89F2AF7}.Debug|ARM.ActiveCfg = Debug|iPhoneSimulator
		{2511E258-093C-4917-AC52-2A3BD89F2AF7}.Debug|ARM.Build.0 = Debug|iPhoneSimulator
		{2511E258-093C-4917-AC52-2A3BD89F2AF7}.Debug|ARM64.ActiveCfg = Debug|iPhoneSimulator
		{2511E258-093C-4917-AC52-2A3BD89F2AF7}.Debug|ARM64.Build.0 = Debug|iPhoneSimulator
		{2511E258-093C-4917-AC52-2A3BD89F2AF7}.Debug|iPhone.ActiveCfg = Debug|iPhoneSimulator
		{2511E258-093C-4917-AC52-2A3BD89F2AF7}.Debug|iPhone.Build.0 = Debug|iPhoneSimulator
		{2511E258-093C-4917-AC52-2A3BD89F2AF7}.Debug|iPhoneSimulator.ActiveCfg = Debug|iPhoneSimulator
		{2511E258-093C-4917-AC52-2A3BD89F2AF7}.Debug|iPhoneSimulator.Build.0 = Debug|iPhoneSimulator
		{2511E258-093C-4917-AC52-2A3BD89F2AF7}.Debug|x64.ActiveCfg = Debug|iPhoneSimulator
		{2511E258-093C-4917-AC52-2A3BD89F2AF7}.Debug|x64.Build.0 = Debug|iPhoneSimulator
		{2511E258-093C-4917-AC52-2A3BD89F2AF7}.Debug|x86.ActiveCfg = Debug|iPhoneSimulator
		{2511E258-093C-4917-AC52-2A3BD89F2AF7}.Debug|x86.Build.0 = Debug|iPhoneSimulator
		{2511E258-093C-4917-AC52-2A3BD89F2AF7}.Release|Any CPU.ActiveCfg = Release|iPhoneSimulator
		{2511E258-093C-4917-AC52-2A3BD89F2AF7}.Release|Any CPU.Build.0 = Release|iPhoneSimulator
		{2511E258-093C-4917-AC52-2A3BD89F2AF7}.Release|ARM.ActiveCfg = Release|iPhoneSimulator
		{2511E258-093C-4917-AC52-2A3BD89F2AF7}.Release|ARM.Build.0 = Release|iPhoneSimulator
		{2511E258-093C-4917-AC52-2A3BD89F2AF7}.Release|ARM64.ActiveCfg = Release|iPhoneSimulator
		{2511E258-093C-4917-AC52-2A3BD89F2AF7}.Release|ARM64.Build.0 = Release|iPhoneSimulator
		{2511E258-093C-4917-AC52-2A3BD89F2AF7}.Release|iPhone.ActiveCfg = Release|iPhoneSimulator
		{2511E258-093C-4917-AC52-2A3BD89F2AF7}.Release|iPhone.Build.0 = Release|iPhoneSimulator
		{2511E258-093C-4917-AC52-2A3BD89F2AF7}.Release|iPhoneSimulator.ActiveCfg = Release|iPhoneSimulator
		{2511E258-093C-4917-AC52-2A3BD89F2AF7}.Release|iPhoneSimulator.Build.0 = Release|iPhoneSimulator
		{2511E258-093C-4917-AC52-2A3BD89F2AF7}.Release|x64.ActiveCfg = Release|iPhoneSimulator
		{2511E258-093C-4917-AC52-2A3BD89F2AF7}.Release|x64.Build.0 = Release|iPhoneSimulator
		{2511E258-093C-4917-AC52-2A3BD89F2AF7}.Release|x86.ActiveCfg = Release|iPhoneSimulator
		{2511E258-093C-4917-AC52-2A3BD89F2AF7}.Release|x86.Build.0 = Release|iPhoneSimulator
		{226F621E-6E21-4C8A-9687-D8513049E7F0}.Ad-Hoc|Any CPU.ActiveCfg = Debug|Any CPU
		{226F621E-6E21-4C8A-9687-D8513049E7F0}.Ad-Hoc|Any CPU.Build.0 = Debug|Any CPU
		{226F621E-6E21-4C8A-9687-D8513049E7F0}.Ad-Hoc|ARM.ActiveCfg = Debug|Any CPU
		{226F621E-6E21-4C8A-9687-D8513049E7F0}.Ad-Hoc|ARM.Build.0 = Debug|Any CPU
		{226F621E-6E21-4C8A-9687-D8513049E7F0}.Ad-Hoc|ARM64.ActiveCfg = Debug|Any CPU
		{226F621E-6E21-4C8A-9687-D8513049E7F0}.Ad-Hoc|ARM64.Build.0 = Debug|Any CPU
		{226F621E-6E21-4C8A-9687-D8513049E7F0}.Ad-Hoc|iPhone.ActiveCfg = Debug|Any CPU
		{226F621E-6E21-4C8A-9687-D8513049E7F0}.Ad-Hoc|iPhone.Build.0 = Debug|Any CPU
		{226F621E-6E21-4C8A-9687-D8513049E7F0}.Ad-Hoc|iPhoneSimulator.ActiveCfg = Debug|Any CPU
		{226F621E-6E21-4C8A-9687-D8513049E7F0}.Ad-Hoc|iPhoneSimulator.Build.0 = Debug|Any CPU
		{226F621E-6E21-4C8A-9687-D8513049E7F0}.Ad-Hoc|x64.ActiveCfg = Debug|Any CPU
		{226F621E-6E21-4C8A-9687-D8513049E7F0}.Ad-Hoc|x64.Build.0 = Debug|Any CPU
		{226F621E-6E21-4C8A-9687-D8513049E7F0}.Ad-Hoc|x86.ActiveCfg = Debug|Any CPU
		{226F621E-6E21-4C8A-9687-D8513049E7F0}.Ad-Hoc|x86.Build.0 = Debug|Any CPU
		{226F621E-6E21-4C8A-9687-D8513049E7F0}.AppStore|Any CPU.ActiveCfg = Debug|Any CPU
		{226F621E-6E21-4C8A-9687-D8513049E7F0}.AppStore|Any CPU.Build.0 = Debug|Any CPU
		{226F621E-6E21-4C8A-9687-D8513049E7F0}.AppStore|ARM.ActiveCfg = Debug|Any CPU
		{226F621E-6E21-4C8A-9687-D8513049E7F0}.AppStore|ARM.Build.0 = Debug|Any CPU
		{226F621E-6E21-4C8A-9687-D8513049E7F0}.AppStore|ARM64.ActiveCfg = Debug|Any CPU
		{226F621E-6E21-4C8A-9687-D8513049E7F0}.AppStore|ARM64.Build.0 = Debug|Any CPU
		{226F621E-6E21-4C8A-9687-D8513049E7F0}.AppStore|iPhone.ActiveCfg = Debug|Any CPU
		{226F621E-6E21-4C8A-9687-D8513049E7F0}.AppStore|iPhone.Build.0 = Debug|Any CPU
		{226F621E-6E21-4C8A-9687-D8513049E7F0}.AppStore|iPhoneSimulator.ActiveCfg = Debug|Any CPU
		{226F621E-6E21-4C8A-9687-D8513049E7F0}.AppStore|iPhoneSimulator.Build.0 = Debug|Any CPU
		{226F621E-6E21-4C8A-9687-D8513049E7F0}.AppStore|x64.ActiveCfg = Debug|Any CPU
		{226F621E-6E21-4C8A-9687-D8513049E7F0}.AppStore|x64.Build.0 = Debug|Any CPU
		{226F621E-6E21-4C8A-9687-D8513049E7F0}.AppStore|x86.ActiveCfg = Debug|Any CPU
		{226F621E-6E21-4C8A-9687-D8513049E7F0}.AppStore|x86.Build.0 = Debug|Any CPU
		{226F621E-6E21-4C8A-9687-D8513049E7F0}.Debug|Any CPU.ActiveCfg = Debug|Any CPU
		{226F621E-6E21-4C8A-9687-D8513049E7F0}.Debug|Any CPU.Build.0 = Debug|Any CPU
		{226F621E-6E21-4C8A-9687-D8513049E7F0}.Debug|ARM.ActiveCfg = Debug|Any CPU
		{226F621E-6E21-4C8A-9687-D8513049E7F0}.Debug|ARM.Build.0 = Debug|Any CPU
		{226F621E-6E21-4C8A-9687-D8513049E7F0}.Debug|ARM64.ActiveCfg = Debug|Any CPU
		{226F621E-6E21-4C8A-9687-D8513049E7F0}.Debug|ARM64.Build.0 = Debug|Any CPU
		{226F621E-6E21-4C8A-9687-D8513049E7F0}.Debug|iPhone.ActiveCfg = Debug|Any CPU
		{226F621E-6E21-4C8A-9687-D8513049E7F0}.Debug|iPhone.Build.0 = Debug|Any CPU
		{226F621E-6E21-4C8A-9687-D8513049E7F0}.Debug|iPhoneSimulator.ActiveCfg = Debug|Any CPU
		{226F621E-6E21-4C8A-9687-D8513049E7F0}.Debug|iPhoneSimulator.Build.0 = Debug|Any CPU
		{226F621E-6E21-4C8A-9687-D8513049E7F0}.Debug|x64.ActiveCfg = Debug|Any CPU
		{226F621E-6E21-4C8A-9687-D8513049E7F0}.Debug|x64.Build.0 = Debug|Any CPU
		{226F621E-6E21-4C8A-9687-D8513049E7F0}.Debug|x86.ActiveCfg = Debug|Any CPU
		{226F621E-6E21-4C8A-9687-D8513049E7F0}.Debug|x86.Build.0 = Debug|Any CPU
		{226F621E-6E21-4C8A-9687-D8513049E7F0}.Release|Any CPU.ActiveCfg = Release|Any CPU
		{226F621E-6E21-4C8A-9687-D8513049E7F0}.Release|Any CPU.Build.0 = Release|Any CPU
		{226F621E-6E21-4C8A-9687-D8513049E7F0}.Release|ARM.ActiveCfg = Release|Any CPU
		{226F621E-6E21-4C8A-9687-D8513049E7F0}.Release|ARM.Build.0 = Release|Any CPU
		{226F621E-6E21-4C8A-9687-D8513049E7F0}.Release|ARM64.ActiveCfg = Release|Any CPU
		{226F621E-6E21-4C8A-9687-D8513049E7F0}.Release|ARM64.Build.0 = Release|Any CPU
		{226F621E-6E21-4C8A-9687-D8513049E7F0}.Release|iPhone.ActiveCfg = Release|Any CPU
		{226F621E-6E21-4C8A-9687-D8513049E7F0}.Release|iPhone.Build.0 = Release|Any CPU
		{226F621E-6E21-4C8A-9687-D8513049E7F0}.Release|iPhoneSimulator.ActiveCfg = Release|Any CPU
		{226F621E-6E21-4C8A-9687-D8513049E7F0}.Release|iPhoneSimulator.Build.0 = Release|Any CPU
		{226F621E-6E21-4C8A-9687-D8513049E7F0}.Release|x64.ActiveCfg = Release|Any CPU
		{226F621E-6E21-4C8A-9687-D8513049E7F0}.Release|x64.Build.0 = Release|Any CPU
		{226F621E-6E21-4C8A-9687-D8513049E7F0}.Release|x86.ActiveCfg = Release|Any CPU
		{226F621E-6E21-4C8A-9687-D8513049E7F0}.Release|x86.Build.0 = Release|Any CPU
		{AF3B1BA1-325B-4F00-8EC4-331F512EC574}.Ad-Hoc|Any CPU.ActiveCfg = Debug|Any CPU
		{AF3B1BA1-325B-4F00-8EC4-331F512EC574}.Ad-Hoc|Any CPU.Build.0 = Debug|Any CPU
		{AF3B1BA1-325B-4F00-8EC4-331F512EC574}.Ad-Hoc|ARM.ActiveCfg = Debug|Any CPU
		{AF3B1BA1-325B-4F00-8EC4-331F512EC574}.Ad-Hoc|ARM.Build.0 = Debug|Any CPU
		{AF3B1BA1-325B-4F00-8EC4-331F512EC574}.Ad-Hoc|ARM64.ActiveCfg = Debug|Any CPU
		{AF3B1BA1-325B-4F00-8EC4-331F512EC574}.Ad-Hoc|ARM64.Build.0 = Debug|Any CPU
		{AF3B1BA1-325B-4F00-8EC4-331F512EC574}.Ad-Hoc|iPhone.ActiveCfg = Debug|Any CPU
		{AF3B1BA1-325B-4F00-8EC4-331F512EC574}.Ad-Hoc|iPhone.Build.0 = Debug|Any CPU
		{AF3B1BA1-325B-4F00-8EC4-331F512EC574}.Ad-Hoc|iPhoneSimulator.ActiveCfg = Debug|Any CPU
		{AF3B1BA1-325B-4F00-8EC4-331F512EC574}.Ad-Hoc|iPhoneSimulator.Build.0 = Debug|Any CPU
		{AF3B1BA1-325B-4F00-8EC4-331F512EC574}.Ad-Hoc|x64.ActiveCfg = Debug|Any CPU
		{AF3B1BA1-325B-4F00-8EC4-331F512EC574}.Ad-Hoc|x64.Build.0 = Debug|Any CPU
		{AF3B1BA1-325B-4F00-8EC4-331F512EC574}.Ad-Hoc|x86.ActiveCfg = Debug|Any CPU
		{AF3B1BA1-325B-4F00-8EC4-331F512EC574}.Ad-Hoc|x86.Build.0 = Debug|Any CPU
		{AF3B1BA1-325B-4F00-8EC4-331F512EC574}.AppStore|Any CPU.ActiveCfg = Debug|Any CPU
		{AF3B1BA1-325B-4F00-8EC4-331F512EC574}.AppStore|Any CPU.Build.0 = Debug|Any CPU
		{AF3B1BA1-325B-4F00-8EC4-331F512EC574}.AppStore|ARM.ActiveCfg = Debug|Any CPU
		{AF3B1BA1-325B-4F00-8EC4-331F512EC574}.AppStore|ARM.Build.0 = Debug|Any CPU
		{AF3B1BA1-325B-4F00-8EC4-331F512EC574}.AppStore|ARM64.ActiveCfg = Debug|Any CPU
		{AF3B1BA1-325B-4F00-8EC4-331F512EC574}.AppStore|ARM64.Build.0 = Debug|Any CPU
		{AF3B1BA1-325B-4F00-8EC4-331F512EC574}.AppStore|iPhone.ActiveCfg = Debug|Any CPU
		{AF3B1BA1-325B-4F00-8EC4-331F512EC574}.AppStore|iPhone.Build.0 = Debug|Any CPU
		{AF3B1BA1-325B-4F00-8EC4-331F512EC574}.AppStore|iPhoneSimulator.ActiveCfg = Debug|Any CPU
		{AF3B1BA1-325B-4F00-8EC4-331F512EC574}.AppStore|iPhoneSimulator.Build.0 = Debug|Any CPU
		{AF3B1BA1-325B-4F00-8EC4-331F512EC574}.AppStore|x64.ActiveCfg = Debug|Any CPU
		{AF3B1BA1-325B-4F00-8EC4-331F512EC574}.AppStore|x64.Build.0 = Debug|Any CPU
		{AF3B1BA1-325B-4F00-8EC4-331F512EC574}.AppStore|x86.ActiveCfg = Debug|Any CPU
		{AF3B1BA1-325B-4F00-8EC4-331F512EC574}.AppStore|x86.Build.0 = Debug|Any CPU
		{AF3B1BA1-325B-4F00-8EC4-331F512EC574}.Debug|Any CPU.ActiveCfg = Debug|Any CPU
		{AF3B1BA1-325B-4F00-8EC4-331F512EC574}.Debug|Any CPU.Build.0 = Debug|Any CPU
		{AF3B1BA1-325B-4F00-8EC4-331F512EC574}.Debug|ARM.ActiveCfg = Debug|Any CPU
		{AF3B1BA1-325B-4F00-8EC4-331F512EC574}.Debug|ARM.Build.0 = Debug|Any CPU
		{AF3B1BA1-325B-4F00-8EC4-331F512EC574}.Debug|ARM64.ActiveCfg = Debug|Any CPU
		{AF3B1BA1-325B-4F00-8EC4-331F512EC574}.Debug|ARM64.Build.0 = Debug|Any CPU
		{AF3B1BA1-325B-4F00-8EC4-331F512EC574}.Debug|iPhone.ActiveCfg = Debug|Any CPU
		{AF3B1BA1-325B-4F00-8EC4-331F512EC574}.Debug|iPhone.Build.0 = Debug|Any CPU
		{AF3B1BA1-325B-4F00-8EC4-331F512EC574}.Debug|iPhoneSimulator.ActiveCfg = Debug|Any CPU
		{AF3B1BA1-325B-4F00-8EC4-331F512EC574}.Debug|iPhoneSimulator.Build.0 = Debug|Any CPU
		{AF3B1BA1-325B-4F00-8EC4-331F512EC574}.Debug|x64.ActiveCfg = Debug|Any CPU
		{AF3B1BA1-325B-4F00-8EC4-331F512EC574}.Debug|x64.Build.0 = Debug|Any CPU
		{AF3B1BA1-325B-4F00-8EC4-331F512EC574}.Debug|x86.ActiveCfg = Debug|Any CPU
		{AF3B1BA1-325B-4F00-8EC4-331F512EC574}.Debug|x86.Build.0 = Debug|Any CPU
		{AF3B1BA1-325B-4F00-8EC4-331F512EC574}.Release|Any CPU.ActiveCfg = Release|Any CPU
		{AF3B1BA1-325B-4F00-8EC4-331F512EC574}.Release|Any CPU.Build.0 = Release|Any CPU
		{AF3B1BA1-325B-4F00-8EC4-331F512EC574}.Release|ARM.ActiveCfg = Release|Any CPU
		{AF3B1BA1-325B-4F00-8EC4-331F512EC574}.Release|ARM.Build.0 = Release|Any CPU
		{AF3B1BA1-325B-4F00-8EC4-331F512EC574}.Release|ARM64.ActiveCfg = Release|Any CPU
		{AF3B1BA1-325B-4F00-8EC4-331F512EC574}.Release|ARM64.Build.0 = Release|Any CPU
		{AF3B1BA1-325B-4F00-8EC4-331F512EC574}.Release|iPhone.ActiveCfg = Release|Any CPU
		{AF3B1BA1-325B-4F00-8EC4-331F512EC574}.Release|iPhone.Build.0 = Release|Any CPU
		{AF3B1BA1-325B-4F00-8EC4-331F512EC574}.Release|iPhoneSimulator.ActiveCfg = Release|Any CPU
		{AF3B1BA1-325B-4F00-8EC4-331F512EC574}.Release|iPhoneSimulator.Build.0 = Release|Any CPU
		{AF3B1BA1-325B-4F00-8EC4-331F512EC574}.Release|x64.ActiveCfg = Release|Any CPU
		{AF3B1BA1-325B-4F00-8EC4-331F512EC574}.Release|x64.Build.0 = Release|Any CPU
		{AF3B1BA1-325B-4F00-8EC4-331F512EC574}.Release|x86.ActiveCfg = Release|Any CPU
		{AF3B1BA1-325B-4F00-8EC4-331F512EC574}.Release|x86.Build.0 = Release|Any CPU
		{7F7966B7-FA24-4059-A79C-572F80EFFEE8}.Ad-Hoc|Any CPU.ActiveCfg = Debug|Any CPU
		{7F7966B7-FA24-4059-A79C-572F80EFFEE8}.Ad-Hoc|Any CPU.Build.0 = Debug|Any CPU
		{7F7966B7-FA24-4059-A79C-572F80EFFEE8}.Ad-Hoc|ARM.ActiveCfg = Debug|Any CPU
		{7F7966B7-FA24-4059-A79C-572F80EFFEE8}.Ad-Hoc|ARM.Build.0 = Debug|Any CPU
		{7F7966B7-FA24-4059-A79C-572F80EFFEE8}.Ad-Hoc|ARM64.ActiveCfg = Debug|Any CPU
		{7F7966B7-FA24-4059-A79C-572F80EFFEE8}.Ad-Hoc|ARM64.Build.0 = Debug|Any CPU
		{7F7966B7-FA24-4059-A79C-572F80EFFEE8}.Ad-Hoc|iPhone.ActiveCfg = Debug|Any CPU
		{7F7966B7-FA24-4059-A79C-572F80EFFEE8}.Ad-Hoc|iPhone.Build.0 = Debug|Any CPU
		{7F7966B7-FA24-4059-A79C-572F80EFFEE8}.Ad-Hoc|iPhoneSimulator.ActiveCfg = Debug|Any CPU
		{7F7966B7-FA24-4059-A79C-572F80EFFEE8}.Ad-Hoc|iPhoneSimulator.Build.0 = Debug|Any CPU
		{7F7966B7-FA24-4059-A79C-572F80EFFEE8}.Ad-Hoc|x64.ActiveCfg = Debug|Any CPU
		{7F7966B7-FA24-4059-A79C-572F80EFFEE8}.Ad-Hoc|x64.Build.0 = Debug|Any CPU
		{7F7966B7-FA24-4059-A79C-572F80EFFEE8}.Ad-Hoc|x86.ActiveCfg = Debug|Any CPU
		{7F7966B7-FA24-4059-A79C-572F80EFFEE8}.Ad-Hoc|x86.Build.0 = Debug|Any CPU
		{7F7966B7-FA24-4059-A79C-572F80EFFEE8}.AppStore|Any CPU.ActiveCfg = Debug|Any CPU
		{7F7966B7-FA24-4059-A79C-572F80EFFEE8}.AppStore|Any CPU.Build.0 = Debug|Any CPU
		{7F7966B7-FA24-4059-A79C-572F80EFFEE8}.AppStore|ARM.ActiveCfg = Debug|Any CPU
		{7F7966B7-FA24-4059-A79C-572F80EFFEE8}.AppStore|ARM.Build.0 = Debug|Any CPU
		{7F7966B7-FA24-4059-A79C-572F80EFFEE8}.AppStore|ARM64.ActiveCfg = Debug|Any CPU
		{7F7966B7-FA24-4059-A79C-572F80EFFEE8}.AppStore|ARM64.Build.0 = Debug|Any CPU
		{7F7966B7-FA24-4059-A79C-572F80EFFEE8}.AppStore|iPhone.ActiveCfg = Debug|Any CPU
		{7F7966B7-FA24-4059-A79C-572F80EFFEE8}.AppStore|iPhone.Build.0 = Debug|Any CPU
		{7F7966B7-FA24-4059-A79C-572F80EFFEE8}.AppStore|iPhoneSimulator.ActiveCfg = Debug|Any CPU
		{7F7966B7-FA24-4059-A79C-572F80EFFEE8}.AppStore|iPhoneSimulator.Build.0 = Debug|Any CPU
		{7F7966B7-FA24-4059-A79C-572F80EFFEE8}.AppStore|x64.ActiveCfg = Debug|Any CPU
		{7F7966B7-FA24-4059-A79C-572F80EFFEE8}.AppStore|x64.Build.0 = Debug|Any CPU
		{7F7966B7-FA24-4059-A79C-572F80EFFEE8}.AppStore|x86.ActiveCfg = Debug|Any CPU
		{7F7966B7-FA24-4059-A79C-572F80EFFEE8}.AppStore|x86.Build.0 = Debug|Any CPU
		{7F7966B7-FA24-4059-A79C-572F80EFFEE8}.Debug|Any CPU.ActiveCfg = Debug|Any CPU
		{7F7966B7-FA24-4059-A79C-572F80EFFEE8}.Debug|Any CPU.Build.0 = Debug|Any CPU
		{7F7966B7-FA24-4059-A79C-572F80EFFEE8}.Debug|ARM.ActiveCfg = Debug|Any CPU
		{7F7966B7-FA24-4059-A79C-572F80EFFEE8}.Debug|ARM.Build.0 = Debug|Any CPU
		{7F7966B7-FA24-4059-A79C-572F80EFFEE8}.Debug|ARM64.ActiveCfg = Debug|Any CPU
		{7F7966B7-FA24-4059-A79C-572F80EFFEE8}.Debug|ARM64.Build.0 = Debug|Any CPU
		{7F7966B7-FA24-4059-A79C-572F80EFFEE8}.Debug|iPhone.ActiveCfg = Debug|Any CPU
		{7F7966B7-FA24-4059-A79C-572F80EFFEE8}.Debug|iPhone.Build.0 = Debug|Any CPU
		{7F7966B7-FA24-4059-A79C-572F80EFFEE8}.Debug|iPhoneSimulator.ActiveCfg = Debug|Any CPU
		{7F7966B7-FA24-4059-A79C-572F80EFFEE8}.Debug|iPhoneSimulator.Build.0 = Debug|Any CPU
		{7F7966B7-FA24-4059-A79C-572F80EFFEE8}.Debug|x64.ActiveCfg = Debug|Any CPU
		{7F7966B7-FA24-4059-A79C-572F80EFFEE8}.Debug|x64.Build.0 = Debug|Any CPU
		{7F7966B7-FA24-4059-A79C-572F80EFFEE8}.Debug|x86.ActiveCfg = Debug|Any CPU
		{7F7966B7-FA24-4059-A79C-572F80EFFEE8}.Debug|x86.Build.0 = Debug|Any CPU
		{7F7966B7-FA24-4059-A79C-572F80EFFEE8}.Release|Any CPU.ActiveCfg = Release|Any CPU
		{7F7966B7-FA24-4059-A79C-572F80EFFEE8}.Release|Any CPU.Build.0 = Release|Any CPU
		{7F7966B7-FA24-4059-A79C-572F80EFFEE8}.Release|ARM.ActiveCfg = Release|Any CPU
		{7F7966B7-FA24-4059-A79C-572F80EFFEE8}.Release|ARM.Build.0 = Release|Any CPU
		{7F7966B7-FA24-4059-A79C-572F80EFFEE8}.Release|ARM64.ActiveCfg = Release|Any CPU
		{7F7966B7-FA24-4059-A79C-572F80EFFEE8}.Release|ARM64.Build.0 = Release|Any CPU
		{7F7966B7-FA24-4059-A79C-572F80EFFEE8}.Release|iPhone.ActiveCfg = Release|Any CPU
		{7F7966B7-FA24-4059-A79C-572F80EFFEE8}.Release|iPhone.Build.0 = Release|Any CPU
		{7F7966B7-FA24-4059-A79C-572F80EFFEE8}.Release|iPhoneSimulator.ActiveCfg = Release|Any CPU
		{7F7966B7-FA24-4059-A79C-572F80EFFEE8}.Release|iPhoneSimulator.Build.0 = Release|Any CPU
		{7F7966B7-FA24-4059-A79C-572F80EFFEE8}.Release|x64.ActiveCfg = Release|Any CPU
		{7F7966B7-FA24-4059-A79C-572F80EFFEE8}.Release|x64.Build.0 = Release|Any CPU
		{7F7966B7-FA24-4059-A79C-572F80EFFEE8}.Release|x86.ActiveCfg = Release|Any CPU
		{7F7966B7-FA24-4059-A79C-572F80EFFEE8}.Release|x86.Build.0 = Release|Any CPU
		{764501A4-0330-43BA-AE40-0C9DA3D0C964}.Ad-Hoc|Any CPU.ActiveCfg = Debug|Any CPU
		{764501A4-0330-43BA-AE40-0C9DA3D0C964}.Ad-Hoc|Any CPU.Build.0 = Debug|Any CPU
		{764501A4-0330-43BA-AE40-0C9DA3D0C964}.Ad-Hoc|ARM.ActiveCfg = Debug|Any CPU
		{764501A4-0330-43BA-AE40-0C9DA3D0C964}.Ad-Hoc|ARM.Build.0 = Debug|Any CPU
		{764501A4-0330-43BA-AE40-0C9DA3D0C964}.Ad-Hoc|ARM64.ActiveCfg = Debug|Any CPU
		{764501A4-0330-43BA-AE40-0C9DA3D0C964}.Ad-Hoc|ARM64.Build.0 = Debug|Any CPU
		{764501A4-0330-43BA-AE40-0C9DA3D0C964}.Ad-Hoc|iPhone.ActiveCfg = Debug|Any CPU
		{764501A4-0330-43BA-AE40-0C9DA3D0C964}.Ad-Hoc|iPhone.Build.0 = Debug|Any CPU
		{764501A4-0330-43BA-AE40-0C9DA3D0C964}.Ad-Hoc|iPhoneSimulator.ActiveCfg = Debug|Any CPU
		{764501A4-0330-43BA-AE40-0C9DA3D0C964}.Ad-Hoc|iPhoneSimulator.Build.0 = Debug|Any CPU
		{764501A4-0330-43BA-AE40-0C9DA3D0C964}.Ad-Hoc|x64.ActiveCfg = Debug|Any CPU
		{764501A4-0330-43BA-AE40-0C9DA3D0C964}.Ad-Hoc|x64.Build.0 = Debug|Any CPU
		{764501A4-0330-43BA-AE40-0C9DA3D0C964}.Ad-Hoc|x86.ActiveCfg = Debug|Any CPU
		{764501A4-0330-43BA-AE40-0C9DA3D0C964}.Ad-Hoc|x86.Build.0 = Debug|Any CPU
		{764501A4-0330-43BA-AE40-0C9DA3D0C964}.AppStore|Any CPU.ActiveCfg = Debug|Any CPU
		{764501A4-0330-43BA-AE40-0C9DA3D0C964}.AppStore|Any CPU.Build.0 = Debug|Any CPU
		{764501A4-0330-43BA-AE40-0C9DA3D0C964}.AppStore|ARM.ActiveCfg = Debug|Any CPU
		{764501A4-0330-43BA-AE40-0C9DA3D0C964}.AppStore|ARM.Build.0 = Debug|Any CPU
		{764501A4-0330-43BA-AE40-0C9DA3D0C964}.AppStore|ARM64.ActiveCfg = Debug|Any CPU
		{764501A4-0330-43BA-AE40-0C9DA3D0C964}.AppStore|ARM64.Build.0 = Debug|Any CPU
		{764501A4-0330-43BA-AE40-0C9DA3D0C964}.AppStore|iPhone.ActiveCfg = Debug|Any CPU
		{764501A4-0330-43BA-AE40-0C9DA3D0C964}.AppStore|iPhone.Build.0 = Debug|Any CPU
		{764501A4-0330-43BA-AE40-0C9DA3D0C964}.AppStore|iPhoneSimulator.ActiveCfg = Debug|Any CPU
		{764501A4-0330-43BA-AE40-0C9DA3D0C964}.AppStore|iPhoneSimulator.Build.0 = Debug|Any CPU
		{764501A4-0330-43BA-AE40-0C9DA3D0C964}.AppStore|x64.ActiveCfg = Debug|Any CPU
		{764501A4-0330-43BA-AE40-0C9DA3D0C964}.AppStore|x64.Build.0 = Debug|Any CPU
		{764501A4-0330-43BA-AE40-0C9DA3D0C964}.AppStore|x86.ActiveCfg = Debug|Any CPU
		{764501A4-0330-43BA-AE40-0C9DA3D0C964}.AppStore|x86.Build.0 = Debug|Any CPU
		{764501A4-0330-43BA-AE40-0C9DA3D0C964}.Debug|Any CPU.ActiveCfg = Debug|Any CPU
		{764501A4-0330-43BA-AE40-0C9DA3D0C964}.Debug|Any CPU.Build.0 = Debug|Any CPU
		{764501A4-0330-43BA-AE40-0C9DA3D0C964}.Debug|ARM.ActiveCfg = Debug|Any CPU
		{764501A4-0330-43BA-AE40-0C9DA3D0C964}.Debug|ARM.Build.0 = Debug|Any CPU
		{764501A4-0330-43BA-AE40-0C9DA3D0C964}.Debug|ARM64.ActiveCfg = Debug|Any CPU
		{764501A4-0330-43BA-AE40-0C9DA3D0C964}.Debug|ARM64.Build.0 = Debug|Any CPU
		{764501A4-0330-43BA-AE40-0C9DA3D0C964}.Debug|iPhone.ActiveCfg = Debug|Any CPU
		{764501A4-0330-43BA-AE40-0C9DA3D0C964}.Debug|iPhone.Build.0 = Debug|Any CPU
		{764501A4-0330-43BA-AE40-0C9DA3D0C964}.Debug|iPhoneSimulator.ActiveCfg = Debug|Any CPU
		{764501A4-0330-43BA-AE40-0C9DA3D0C964}.Debug|iPhoneSimulator.Build.0 = Debug|Any CPU
		{764501A4-0330-43BA-AE40-0C9DA3D0C964}.Debug|x64.ActiveCfg = Debug|Any CPU
		{764501A4-0330-43BA-AE40-0C9DA3D0C964}.Debug|x64.Build.0 = Debug|Any CPU
		{764501A4-0330-43BA-AE40-0C9DA3D0C964}.Debug|x86.ActiveCfg = Debug|Any CPU
		{764501A4-0330-43BA-AE40-0C9DA3D0C964}.Debug|x86.Build.0 = Debug|Any CPU
		{764501A4-0330-43BA-AE40-0C9DA3D0C964}.Release|Any CPU.ActiveCfg = Release|Any CPU
		{764501A4-0330-43BA-AE40-0C9DA3D0C964}.Release|Any CPU.Build.0 = Release|Any CPU
		{764501A4-0330-43BA-AE40-0C9DA3D0C964}.Release|ARM.ActiveCfg = Release|Any CPU
		{764501A4-0330-43BA-AE40-0C9DA3D0C964}.Release|ARM.Build.0 = Release|Any CPU
		{764501A4-0330-43BA-AE40-0C9DA3D0C964}.Release|ARM64.ActiveCfg = Release|Any CPU
		{764501A4-0330-43BA-AE40-0C9DA3D0C964}.Release|ARM64.Build.0 = Release|Any CPU
		{764501A4-0330-43BA-AE40-0C9DA3D0C964}.Release|iPhone.ActiveCfg = Release|Any CPU
		{764501A4-0330-43BA-AE40-0C9DA3D0C964}.Release|iPhone.Build.0 = Release|Any CPU
		{764501A4-0330-43BA-AE40-0C9DA3D0C964}.Release|iPhoneSimulator.ActiveCfg = Release|Any CPU
		{764501A4-0330-43BA-AE40-0C9DA3D0C964}.Release|iPhoneSimulator.Build.0 = Release|Any CPU
		{764501A4-0330-43BA-AE40-0C9DA3D0C964}.Release|x64.ActiveCfg = Release|Any CPU
		{764501A4-0330-43BA-AE40-0C9DA3D0C964}.Release|x64.Build.0 = Release|Any CPU
		{764501A4-0330-43BA-AE40-0C9DA3D0C964}.Release|x86.ActiveCfg = Release|Any CPU
		{764501A4-0330-43BA-AE40-0C9DA3D0C964}.Release|x86.Build.0 = Release|Any CPU
	EndGlobalSection
	GlobalSection(SolutionProperties) = preSolution
		HideSolutionNode = FALSE
	EndGlobalSection
	GlobalSection(NestedProjects) = preSolution
		{47D55545-F617-41C7-BF47-B9E2C22DA7B7} = {B630C60D-017F-4B0F-86C6-4E2B5729AA91}
		{4FAF55BD-EC14-4B44-B8EF-447C9343092B} = {B630C60D-017F-4B0F-86C6-4E2B5729AA91}
		{DF5B697D-8F5D-40AF-A650-620E830674D3} = {B630C60D-017F-4B0F-86C6-4E2B5729AA91}
		{CCC38F03-7E51-4604-9118-1A01909BFB12} = {B630C60D-017F-4B0F-86C6-4E2B5729AA91}
		{2511E258-093C-4917-AC52-2A3BD89F2AF7} = {B630C60D-017F-4B0F-86C6-4E2B5729AA91}
		{226F621E-6E21-4C8A-9687-D8513049E7F0} = {B630C60D-017F-4B0F-86C6-4E2B5729AA91}
		{AF3B1BA1-325B-4F00-8EC4-331F512EC574} = {B630C60D-017F-4B0F-86C6-4E2B5729AA91}
		{7F7966B7-FA24-4059-A79C-572F80EFFEE8} = {B630C60D-017F-4B0F-86C6-4E2B5729AA91}
		{764501A4-0330-43BA-AE40-0C9DA3D0C964} = {B630C60D-017F-4B0F-86C6-4E2B5729AA91}
	EndGlobalSection
	GlobalSection(ExtensibilityGlobals) = postSolution
		SolutionGuid = {45C6C93F-A095-4F14-8EC6-21BFD27CC271}
	EndGlobalSection
EndGlobal
